
Microsoft Visual Studio Solution File, Format Version 12.00
# Visual Studio Version 17
VisualStudioVersion = 17.0.31903.59
MinimumVisualStudioVersion = 10.0.40219.1
Project("{FAE04EC0-301F-11D3-BF4B-00C04F79EFBC}") = "AKMCommon", "AKMCommon\AKMCommon.csproj", "{EC78BE57-FB3A-4FD5-BA64-1E86CC5D94FD}"
EndProject
Project("{FAE04EC0-301F-11D3-BF4B-00C04F79EFBC}") = "AKMInterface", "AKMInterface\AKMInterface.csproj", "{BABAB154-71E8-4812-B0B1-1CD6F5A98583}"
EndProject
Project("{FAE04EC0-301F-11D3-BF4B-00C04F79EFBC}") = "AKMLogic", "AKMLogic\AKMLogic.csproj", "{1F26DF24-2C13-4275-867A-B16EF5AC1809}"
EndProject
Project("{FAE04EC0-301F-11D3-BF4B-00C04F79EFBC}") = "AKMWorkerService", "AKMWorkerService\AKMWorkerService.csproj", "{8BB83A9E-7A25-4B1E-A2F3-26446AD20099}"
EndProject
Project("{FAE04EC0-301F-11D3-BF4B-00C04F79EFBC}") = "AkmAutomatedTestClient", "AkmAutomatedTestClient\AkmAutomatedTestClient.csproj", "{F8F499F5-ECCF-4E47-AAFB-E6614C96E3AB}"
EndProject
Project("{FAE04EC0-301F-11D3-BF4B-00C04F79EFBC}") = "AKM_Tests", "AKM_Tests\AKM_Tests.csproj", "{ACD05FB6-3682-4945-AE1D-A774D61914DC}"
EndProject
Global
	GlobalSection(SolutionConfigurationPlatforms) = preSolution
		Debug|Any CPU = Debug|Any CPU
		Release|Any CPU = Release|Any CPU
	EndGlobalSection
	GlobalSection(SolutionProperties) = preSolution
		HideSolutionNode = FALSE
	EndGlobalSection
	GlobalSection(ProjectConfigurationPlatforms) = postSolution
		{EC78BE57-FB3A-4FD5-BA64-1E86CC5D94FD}.Debug|Any CPU.ActiveCfg = Debug|Any CPU
		{EC78BE57-FB3A-4FD5-BA64-1E86CC5D94FD}.Debug|Any CPU.Build.0 = Debug|Any CPU
		{EC78BE57-FB3A-4FD5-BA64-1E86CC5D94FD}.Release|Any CPU.ActiveCfg = Release|Any CPU
		{EC78BE57-FB3A-4FD5-BA64-1E86CC5D94FD}.Release|Any CPU.Build.0 = Release|Any CPU
		{BABAB154-71E8-4812-B0B1-1CD6F5A98583}.Debug|Any CPU.ActiveCfg = Debug|Any CPU
		{BABAB154-71E8-4812-B0B1-1CD6F5A98583}.Debug|Any CPU.Build.0 = Debug|Any CPU
		{BABAB154-71E8-4812-B0B1-1CD6F5A98583}.Release|Any CPU.ActiveCfg = Release|Any CPU
		{BABAB154-71E8-4812-B0B1-1CD6F5A98583}.Release|Any CPU.Build.0 = Release|Any CPU
		{1F26DF24-2C13-4275-867A-B16EF5AC1809}.Debug|Any CPU.ActiveCfg = Debug|Any CPU
		{1F26DF24-2C13-4275-867A-B16EF5AC1809}.Debug|Any CPU.Build.0 = Debug|Any CPU
		{1F26DF24-2C13-4275-867A-B16EF5AC1809}.Release|Any CPU.ActiveCfg = Release|Any CPU
		{1F26DF24-2C13-4275-867A-B16EF5AC1809}.Release|Any CPU.Build.0 = Release|Any CPU
		{8BB83A9E-7A25-4B1E-A2F3-26446AD20099}.Debug|Any CPU.ActiveCfg = Debug|Any CPU
		{8BB83A9E-7A25-4B1E-A2F3-26446AD20099}.Debug|Any CPU.Build.0 = Debug|Any CPU
		{8BB83A9E-7A25-4B1E-A2F3-26446AD20099}.Release|Any CPU.ActiveCfg = Release|Any CPU
		{8BB83A9E-7A25-4B1E-A2F3-26446AD20099}.Release|Any CPU.Build.0 = Release|Any CPU
		{F8F499F5-ECCF-4E47-AAFB-E6614C96E3AB}.Debug|Any CPU.ActiveCfg = Debug|Any CPU
		{F8F499F5-ECCF-4E47-AAFB-E6614C96E3AB}.Debug|Any CPU.Build.0 = Debug|Any CPU
		{F8F499F5-ECCF-4E47-AAFB-E6614C96E3AB}.Release|Any CPU.ActiveCfg = Release|Any CPU
		{F8F499F5-ECCF-4E47-AAFB-E6614C96E3AB}.Release|Any CPU.Build.0 = Release|Any CPU
		{ACD05FB6-3682-4945-AE1D-A774D61914DC}.Debug|Any CPU.ActiveCfg = Debug|Any CPU
		{ACD05FB6-3682-4945-AE1D-A774D61914DC}.Debug|Any CPU.Build.0 = Debug|Any CPU
		{ACD05FB6-3682-4945-AE1D-A774D61914DC}.Release|Any CPU.ActiveCfg = Release|Any CPU
		{ACD05FB6-3682-4945-AE1D-A774D61914DC}.Release|Any CPU.Build.0 = Release|Any CPU
	EndGlobalSection
EndGlobal
